<?xml version="1.0" encoding="UTF-8"?>
<CONFIG>
  <ProjectOptions>
    <Version Value="12"/>
    <General>
      <Flags>
        <MainUnitHasCreateFormStatements Value="False"/>
        <MainUnitHasTitleStatement Value="False"/>
        <MainUnitHasScaledStatement Value="False"/>
      </Flags>
      <SessionStorage Value="InProjectDir"/>
      <ResourceType Value="res"/>
      <UseXPManifest Value="True"/>
      <XPManifest>
        <DpiAware Value="False"/>
      </XPManifest>
      <Title Value="CasterEditor"/>
    </General>
    <BuildModes Count="1">
      <Item1 Name="default" Default="True"/>
    </BuildModes>
    <RequiredPackages Count="1">
      <Item1>
        <PackageName Value="LCL"/>
      </Item1>
    </RequiredPackages>
    <Units Count="4">
      <Unit0>
        <Filename Value="CasterEditor.lpr"/>
        <IsPartOfProject Value="True"/>
      </Unit0>
      <Unit1>
        <Filename Value="SaveModel.pas"/>
        <IsPartOfProject Value="True"/>
        <UnitName Value="SaveModel"/>
      </Unit1>
      <Unit2>
        <Filename Value="SaveFile.pas"/>
        <IsPartOfProject Value="True"/>
        <UnitName Value="SaveFile"/>
      </Unit2>
      <Unit3>
        <Filename Value="Offsets.pas"/>
        <IsPartOfProject Value="True"/>
        <UnitName Value="Offsets"/>
      </Unit3>
    </Units>
  </ProjectOptions>
  <CompilerOptions>
    <Version Value="11"/>
    <Target>
      <Filename Value="CoMWedit"/>
    </Target>
    <SearchPaths>
      <OtherUnitFiles Value="."/>
      <UnitOutputDirectory Value="lib/$(TargetCPU)-$(TargetOS)"/>
    </SearchPaths>
    <Linking>
      <Options>
        <Win32>
          <GraphicApplication Value="True"/>
        </Win32>
      </Options>
    </Linking>
  </CompilerOptions>
</CONFIG>
